
Microsoft Visual Studio Solution File, Format Version 12.00
# Visual Studio Version 17
VisualStudioVersion = 17.8.34330.188
MinimumVisualStudioVersion = 10.0.40219.1
Project("{FAE04EC0-301F-11D3-BF4B-00C04F79EFBC}") = "docuverwalter-api", "docuverwalter-api\docuverwalter-api.csproj", "{343BAE6A-A548-4659-A07A-102015214BEA}"
EndProject
Global
	GlobalSection(SolutionConfigurationPlatforms) = preSolution
		Debug|Any CPU = Debug|Any CPU
		Release|Any CPU = Release|Any CPU
	EndGlobalSection
	GlobalSection(ProjectConfigurationPlatforms) = postSolution
		{343BAE6A-A548-4659-A07A-102015214BEA}.Debug|Any CPU.ActiveCfg = Debug|Any CPU
		{343BAE6A-A548-4659-A07A-102015214BEA}.Debug|Any CPU.Build.0 = Debug|Any CPU
		{343BAE6A-A548-4659-A07A-102015214BEA}.Release|Any CPU.ActiveCfg = Release|Any CPU
		{343BAE6A-A548-4659-A07A-102015214BEA}.Release|Any CPU.Build.0 = Release|Any CPU
	EndGlobalSection
	GlobalSection(SolutionProperties) = preSolution
		HideSolutionNode = FALSE
	EndGlobalSection
	GlobalSection(ExtensibilityGlobals) = postSolution
		SolutionGuid = {74F6C6BB-A586-4EB1-83B3-3F2699165741}
	EndGlobalSection
EndGlobal
